
Microsoft Visual Studio Solution File, Format Version 12.00
Project("{FAE04EC0-301F-11D3-BF4B-00C04F79EFBC}") = "SynthusMaximus", "SynthusMaximus\SynthusMaximus.csproj", "{3C4D3675-2E1A-4E20-8C6E-B5300C43E4F1}"
EndProject
Project("{FAE04EC0-301F-11D3-BF4B-00C04F79EFBC}") = "SynthusMaximus.Test", "SynthusMaximus.Test\SynthusMaximus.Test.csproj", "{BB66839C-34E7-46B9-ACD6-30EF1631FECF}"
EndProject
Global
	GlobalSection(SolutionConfigurationPlatforms) = preSolution
		Debug|Any CPU = Debug|Any CPU
		Release|Any CPU = Release|Any CPU
	EndGlobalSection
	GlobalSection(ProjectConfigurationPlatforms) = postSolution
		{3C4D3675-2E1A-4E20-8C6E-B5300C43E4F1}.Debug|Any CPU.ActiveCfg = Debug|Any CPU
		{3C4D3675-2E1A-4E20-8C6E-B5300C43E4F1}.Debug|Any CPU.Build.0 = Debug|Any CPU
		{3C4D3675-2E1A-4E20-8C6E-B5300C43E4F1}.Release|Any CPU.ActiveCfg = Release|Any CPU
		{3C4D3675-2E1A-4E20-8C6E-B5300C43E4F1}.Release|Any CPU.Build.0 = Release|Any CPU
		{BB66839C-34E7-46B9-ACD6-30EF1631FECF}.Debug|Any CPU.ActiveCfg = Debug|Any CPU
		{BB66839C-34E7-46B9-ACD6-30EF1631FECF}.Debug|Any CPU.Build.0 = Debug|Any CPU
		{BB66839C-34E7-46B9-ACD6-30EF1631FECF}.Release|Any CPU.ActiveCfg = Release|Any CPU
		{BB66839C-34E7-46B9-ACD6-30EF1631FECF}.Release|Any CPU.Build.0 = Release|Any CPU
	EndGlobalSection
EndGlobal
